{
  "name": "ai-agentic-framework",
  "lockfileVersion": 3,
  "requires": true,
  "packages": {
    "": {
      "dependencies": {
        "ajv": "^8.18.0",
        "ajv-formats": "^3.0.1",
        "glob": "^13.0.6",
        "handlebars": "^4.7.8",
        "pixelmatch": "^7.1.0",
        "pngjs": "^7.0.0"
      },
      "devDependencies": {
        "@playwright/test": "^1.58.2"
      }
    },
    "node_modules/@playwright/test": {
      "version": "1.58.2",
      "resolved": "https://registry.npmjs.org/@playwright/test/-/test-1.58.2.tgz",
      "integrity": "sha512-akea+6bHYBBfA9uQqSYmlJXn61cTa+jbO87xVLCWbTqbWadRVmhxlXATaOjOgcBaWU4ePo0wB41KMFv3o35IXA==",
      "dev": true,
      "license": "Apache-2.0",
      "dependencies": {
        "playwright": "1.58.2"
      },
      "bin": {
        "playwright": "cli.js"
      },
      "engines": {
        "node": ">=18"
      }
    },
    "node_modules/ajv": {
      "version": "8.18.0",
      "resolved": "https://registry.npmjs.org/ajv/-/ajv-8.18.0.tgz",
      "integrity": "sha512-PlXPeEWMXMZ7sPYOHqmDyCJzcfNrUr3fGNKtezX14ykXOEIvyK81d+qydx89KY5O71FKMPaQ2vBfBFI5NHR63A==",
      "license": "MIT",
      "dependencies": {
        "fast-deep-equal": "^3.1.3",
        "fast-uri": "^3.0.1",
        "json-schema-traverse": "^1.0.0",
        "require-from-string": "^2.0.2"
      },
      "funding": {
        "type": "github",
        "url": "https://github.com/sponsors/epoberezkin"
      }
    },
    "node_modules/ajv-formats": {
      "version": "3.0.1",
      "resolved": "https://registry.npmjs.org/ajv-formats/-/ajv-formats-3.0.1.tgz",
      "integrity": "sha512-8iUql50EUR+uUcdRQ3HDqa6EVyo3docL8g5WJ3FNcWmu62IbkGUue/pEyLBW8VGKKucTPgqeks4fIU1DA4yowQ==",
      "license": "MIT",
      "dependencies": {
        "ajv": "^8.0.0"
      },
      "peerDependencies": {
        "ajv": "^8.0.0"
      },
      "peerDependenciesMeta": {
        "ajv": {
          "optional": true
        }
      }
    },
    "node_modules/balanced-match": {
      "version": "4.0.4",
      "resolved": "https://registry.npmjs.org/balanced-match/-/balanced-match-4.0.4.tgz",
      "integrity": "sha512-BLrgEcRTwX2o6gGxGOCNyMvGSp35YofuYzw9h1IMTRmKqttAZZVU67bdb9Pr2vUHA8+j3i2tJfjO6C6+4myGTA==",
      "license": "MIT",
      "engines": {
        "node": "18 || 20 || >=22"
      }
    },
    "node_modules/brace-expansion": {
      "version": "5.0.4",
      "resolved": "https://registry.npmjs.org/brace-expansion/-/brace-expansion-5.0.4.tgz",
      "integrity": "sha512-h+DEnpVvxmfVefa4jFbCf5HdH5YMDXRsmKflpf1pILZWRFlTbJpxeU55nJl4Smt5HQaGzg1o6RHFPJaOqnmBDg==",
      "license": "MIT",
      "dependencies": {
        "balanced-match": "^4.0.2"
      },
      "engines": {
        "node": "18 || 20 || >=22"
      }
    },
    "node_modules/fast-deep-equal": {
      "version": "3.1.3",
      "resolved": "https://registry.npmjs.org/fast-deep-equal/-/fast-deep-equal-3.1.3.tgz",
      "integrity": "sha512-f3qQ9oQy9j2AhBe/H9VC91wLmKBCCU/gDOnKNAYG5hswO7BLKj09Hc5HYNz9cGI++xlpDCIgDaitVs03ATR84Q==",
      "license": "MIT"
    },
    "node_modules/fast-uri": {
      "version": "3.1.0",
      "resolved": "https://registry.npmjs.org/fast-uri/-/fast-uri-3.1.0.tgz",
      "integrity": "sha512-iPeeDKJSWf4IEOasVVrknXpaBV0IApz/gp7S2bb7Z4Lljbl2MGJRqInZiUrQwV16cpzw/D3S5j5Julj/gT52AA==",
      "funding": [
        {
          "type": "github",
          "url": "https://github.com/sponsors/fastify"
        },
        {
          "type": "opencollective",
          "url": "https://opencollective.com/fastify"
        }
      ],
      "license": "BSD-3-Clause"
    },
    "node_modules/fsevents": {
      "version": "2.3.2",
      "resolved": "https://registry.npmjs.org/fsevents/-/fsevents-2.3.2.tgz",
      "integrity": "sha512-xiqMQR4xAeHTuB9uWm+fFRcIOgKBMiOBP+eXiyT7jsgVCq1bkVygt00oASowB7EdtpOHaaPgKt812P9ab+DDKA==",
      "dev": true,
      "hasInstallScript": true,
      "license": "MIT",
      "optional": true,
      "os": [
        "darwin"
      ],
      "engines": {
        "node": "^8.16.0 || ^10.6.0 || >=11.0.0"
      }
    },
    "node_modules/glob": {
      "version": "13.0.6",
      "resolved": "https://registry.npmjs.org/glob/-/glob-13.0.6.tgz",
      "integrity": "sha512-Wjlyrolmm8uDpm/ogGyXZXb1Z+Ca2B8NbJwqBVg0axK9GbBeoS7yGV6vjXnYdGm6X53iehEuxxbyiKp8QmN4Vw==",
      "license": "BlueOak-1.0.0",
      "dependencies": {
        "minimatch": "^10.2.2",
        "minipass": "^7.1.3",
        "path-scurry": "^2.0.2"
      },
      "engines": {
        "node": "18 || 20 || >=22"
      },
      "funding": {
        "url": "https://github.com/sponsors/isaacs"
      }
    },
    "node_modules/handlebars": {
      "version": "4.7.8",
      "resolved": "https://registry.npmjs.org/handlebars/-/handlebars-4.7.8.tgz",
      "integrity": "sha512-vafaFqs8MZkRrSX7sFVUdo3ap/eNiLnb4IakshzvP56X5Nr1iGKAIqdX6tMlm6HcNRIkr6AxO5jFEoJzzpT8aQ==",
      "license": "MIT",
      "dependencies": {
        "minimist": "^1.2.5",
        "neo-async": "^2.6.2",
        "source-map": "^0.6.1",
        "wordwrap": "^1.0.0"
      },
      "bin": {
        "handlebars": "bin/handlebars"
      },
      "engines": {
        "node": ">=0.4.7"
      },
      "optionalDependencies": {
        "uglify-js": "^3.1.4"
      }
    },
    "node_modules/json-schema-traverse": {
      "version": "1.0.0",
      "resolved": "https://registry.npmjs.org/json-schema-traverse/-/json-schema-traverse-1.0.0.tgz",
      "integrity": "sha512-NM8/P9n3XjXhIZn1lLhkFaACTOURQXjWhV4BA/RnOv8xvgqtqpAX9IO4mRQxSx1Rlo4tqzeqb0sOlruaOy3dug==",
      "license": "MIT"
    },
    "node_modules/lru-cache": {
      "version": "11.2.7",
      "resolved": "https://registry.npmjs.org/lru-cache/-/lru-cache-11.2.7.tgz",
      "integrity": "sha512-aY/R+aEsRelme17KGQa/1ZSIpLpNYYrhcrepKTZgE+W3WM16YMCaPwOHLHsmopZHELU0Ojin1lPVxKR0MihncA==",
      "license": "BlueOak-1.0.0",
      "engines": {
        "node": "20 || >=22"
      }
    },
    "node_modules/minimatch": {
      "version": "10.2.4",
      "resolved": "https://registry.npmjs.org/minimatch/-/minimatch-10.2.4.tgz",
      "integrity": "sha512-oRjTw/97aTBN0RHbYCdtF1MQfvusSIBQM0IZEgzl6426+8jSC0nF1a/GmnVLpfB9yyr6g6FTqWqiZVbxrtaCIg==",
      "license": "BlueOak-1.0.0",
      "dependencies": {
        "brace-expansion": "^5.0.2"
      },
      "engines": {
        "node": "18 || 20 || >=22"
      },
      "funding": {
        "url": "https://github.com/sponsors/isaacs"
      }
    },
    "node_modules/minimist": {
      "version": "1.2.8",
      "resolved": "https://registry.npmjs.org/minimist/-/minimist-1.2.8.tgz",
      "integrity": "sha512-2yyAR8qBkN3YuheJanUpWC5U3bb5osDywNB8RzDVlDwDHbocAJveqqj1u8+SVD7jkWT4yvsHCpWqqWqAxb0zCA==",
      "license": "MIT",
      "funding": {
        "url": "https://github.com/sponsors/ljharb"
      }
    },
    "node_modules/minipass": {
      "version": "7.1.3",
      "resolved": "https://registry.npmjs.org/minipass/-/minipass-7.1.3.tgz",
      "integrity": "sha512-tEBHqDnIoM/1rXME1zgka9g6Q2lcoCkxHLuc7ODJ5BxbP5d4c2Z5cGgtXAku59200Cx7diuHTOYfSBD8n6mm8A==",
      "license": "BlueOak-1.0.0",
      "engines": {
        "node": ">=16 || 14 >=14.17"
      }
    },
    "node_modules/neo-async": {
      "version": "2.6.2",
      "resolved": "https://registry.npmjs.org/neo-async/-/neo-async-2.6.2.tgz",
      "integrity": "sha512-Yd3UES5mWCSqR+qNT93S3UoYUkqAZ9lLg8a7g9rimsWmYGK8cVToA4/sF3RrshdyV3sAGMXVUmpMYOw+dLpOuw==",
      "license": "MIT"
    },
    "node_modules/path-scurry": {
      "version": "2.0.2",
      "resolved": "https://registry.npmjs.org/path-scurry/-/path-scurry-2.0.2.tgz",
      "integrity": "sha512-3O/iVVsJAPsOnpwWIeD+d6z/7PmqApyQePUtCndjatj/9I5LylHvt5qluFaBT3I5h3r1ejfR056c+FCv+NnNXg==",
      "license": "BlueOak-1.0.0",
      "dependencies": {
        "lru-cache": "^11.0.0",
        "minipass": "^7.1.2"
      },
      "engines": {
        "node": "18 || 20 || >=22"
      },
      "funding": {
        "url": "https://github.com/sponsors/isaacs"
      }
    },
    "node_modules/pixelmatch": {
      "version": "7.1.0",
      "resolved": "https://registry.npmjs.org/pixelmatch/-/pixelmatch-7.1.0.tgz",
      "integrity": "sha512-1wrVzJ2STrpmONHKBy228LM1b84msXDUoAzVEl0R8Mz4Ce6EPr+IVtxm8+yvrqLYMHswREkjYFaMxnyGnaY3Ng==",
      "license": "ISC",
      "dependencies": {
        "pngjs": "^7.0.0"
      },
      "bin": {
        "pixelmatch": "bin/pixelmatch"
      }
    },
    "node_modules/playwright": {
      "version": "1.58.2",
      "resolved": "https://registry.npmjs.org/playwright/-/playwright-1.58.2.tgz",
      "integrity": "sha512-vA30H8Nvkq/cPBnNw4Q8TWz1EJyqgpuinBcHET0YVJVFldr8JDNiU9LaWAE1KqSkRYazuaBhTpB5ZzShOezQ6A==",
      "dev": true,
      "license": "Apache-2.0",
      "dependencies": {
        "playwright-core": "1.58.2"
      },
      "bin": {
        "playwright": "cli.js"
      },
      "engines": {
        "node": ">=18"
      },
      "optionalDependencies": {
        "fsevents": "2.3.2"
      }
    },
    "node_modules/playwright-core": {
      "version": "1.58.2",
      "resolved": "https://registry.npmjs.org/playwright-core/-/playwright-core-1.58.2.tgz",
      "integrity": "sha512-yZkEtftgwS8CsfYo7nm0KE8jsvm6i/PTgVtB8DL726wNf6H2IMsDuxCpJj59KDaxCtSnrWan2AeDqM7JBaultg==",
      "dev": true,
      "license": "Apache-2.0",
      "bin": {
        "playwright-core": "cli.js"
      },
      "engines": {
        "node": ">=18"
      }
    },
    "node_modules/pngjs": {
      "version": "7.0.0",
      "resolved": "https://registry.npmjs.org/pngjs/-/pngjs-7.0.0.tgz",
      "integrity": "sha512-LKWqWJRhstyYo9pGvgor/ivk2w94eSjE3RGVuzLGlr3NmD8bf7RcYGze1mNdEHRP6TRP6rMuDHk5t44hnTRyow==",
      "license": "MIT",
      "engines": {
        "node": ">=14.19.0"
      }
    },
    "node_modules/require-from-string": {
      "version": "2.0.2",
      "resolved": "https://registry.npmjs.org/require-from-string/-/require-from-string-2.0.2.tgz",
      "integrity": "sha512-Xf0nWe6RseziFMu+Ap9biiUbmplq6S9/p+7w7YXP/JBHhrUDDUhwa+vANyubuqfZWTveU//DYVGsDG7RKL/vEw==",
      "license": "MIT",
      "engines": {
        "node": ">=0.10.0"
      }
    },
    "node_modules/source-map": {
      "version": "0.6.1",
      "resolved": "https://registry.npmjs.org/source-map/-/source-map-0.6.1.tgz",
      "integrity": "sha512-UjgapumWlbMhkBgzT7Ykc5YXUT46F0iKu8SGXq0bcwP5dz/h0Plj6enJqjz1Zbq2l5WaqYnrVbwWOWMyF3F47g==",
      "license": "BSD-3-Clause",
      "engines": {
        "node": ">=0.10.0"
      }
    },
    "node_modules/uglify-js": {
      "version": "3.19.3",
      "resolved": "https://registry.npmjs.org/uglify-js/-/uglify-js-3.19.3.tgz",
      "integrity": "sha512-v3Xu+yuwBXisp6QYTcH4UbH+xYJXqnq2m/LtQVWKWzYc1iehYnLixoQDN9FH6/j9/oybfd6W9Ghwkl8+UMKTKQ==",
      "license": "BSD-2-Clause",
      "optional": true,
      "bin": {
        "uglifyjs": "bin/uglifyjs"
      },
      "engines": {
        "node": ">=0.8.0"
      }
    },
    "node_modules/wordwrap": {
      "version": "1.0.0",
      "resolved": "https://registry.npmjs.org/wordwrap/-/wordwrap-1.0.0.tgz",
      "integrity": "sha512-gvVzJFlPycKc5dZN4yPkP8w7Dc37BtP1yczEneOb4uq34pXZcvrtRTmWV8W+Ume+XCxKgbjM+nevkyFPMybd4Q==",
      "license": "MIT"
    }
  }
}
