{
  "version": 1,
  "dependencies": {
    "net8.0": {
      "Grpc.AspNetCore": {
        "type": "Direct",
        "requested": "[2.62.0, )",
        "resolved": "2.62.0",
        "contentHash": "dummy"
      },
      "StackExchange.Redis": {
        "type": "Direct",
        "requested": "[2.8.0, )",
        "resolved": "2.8.0",
        "contentHash": "dummy"
      }
    }
  }
}
