# Plan v5 fixture — trimmed lockfile. Real projects ship the full
# poetry-generated content. The framework reads this file only for
# package-manager detection.
[[package]]
name = "functions-framework"
version = "3.5.0"
description = "Google Cloud Functions Python runtime"
optional = false
python-versions = ">=3.8"

[[package]]
name = "google-cloud-firestore"
version = "2.16.0"
description = "Google Cloud Firestore client library"
optional = false
python-versions = ">=3.8"

[[package]]
name = "pydantic"
version = "2.7.0"
description = "Data validation using Python type hints"
optional = false
python-versions = ">=3.8"

[[package]]
name = "pytest"
version = "8.2.0"
description = "pytest: simple powerful testing with Python"
optional = false
python-versions = ">=3.8"

[metadata]
lock-version = "2.0"
python-versions = "^3.12"
content-hash = "deadbeef"
